PODS:
  - Alamofire (5.5.0)
  - Kingfisher (7.1.2)

DEPENDENCIES:
  - Alamofire (= 5.5.0)
  - Kingfisher (= 7.1.2)

SPEC REPOS:
  trunk:
    - Alamofire
    - Kingfisher

SPEC CHECKSUMS:
  Alamofire: 1c4fb5369c3fe93d2857c780d8bbe09f06f97e7c
  Kingfisher: 44ed6a8504763f27bab46163adfac83f5deb240c

PODFILE CHECKSUM: fd0337acdecd25c39f1a1f193dd319482ac3415a

COCOAPODS: 1.11.2
