// !$*UTF8*$!
{
	archiveVersion = 1;
	classes = {
	};
	objectVersion = 55;
	objects = {

/* Begin PBXBuildFile section */
		7A05E65D27948098001EE48F /* SearchViewController.swift in Sources */ = {isa = PBXBuildFile; fileRef = 7A05E65C27948098001EE48F /* SearchViewController.swift */; };
		7A11677A27954C7A00C200CA /* BookTableViewCell.swift in Sources */ = {isa = PBXBuildFile; fileRef = 7A11677927954C7A00C200CA /* BookTableViewCell.swift */; };
		7A11677D2795690500C200CA /* String+Tools.swift in Sources */ = {isa = PBXBuildFile; fileRef = 7A11677C2795690500C200CA /* String+Tools.swift */; };
		7A11677F2796504D00C200CA /* FilePathHelper.swift in Sources */ = {isa = PBXBuildFile; fileRef = 7A11677E2796504D00C200CA /* FilePathHelper.swift */; };
		7A1167812796887500C200CA /* PageCollectionViewCell.swift in Sources */ = {isa = PBXBuildFile; fileRef = 7A1167802796887500C200CA /* PageCollectionViewCell.swift */; };
		7A116783279696DB00C200CA /* StorageManager.swift in Sources */ = {isa = PBXBuildFile; fileRef = 7A116782279696DB00C200CA /* StorageManager.swift */; };
		7A1167852796970F00C200CA /* SettingManager.swift in Sources */ = {isa = PBXBuildFile; fileRef = 7A1167842796970F00C200CA /* SettingManager.swift */; };
		7A6C95C727911DC200077093 /* ListViewController.swift in Sources */ = {isa = PBXBuildFile; fileRef = 7A6C95C627911DC200077093 /* ListViewController.swift */; };
		7A6C95CC27911E4600077093 /* GalleryViewController.swift in Sources */ = {isa = PBXBuildFile; fileRef = 7A6C95CB27911E4600077093 /* GalleryViewController.swift */; };
		7A6C95D127911E9A00077093 /* SettingViewController.swift in Sources */ = {isa = PBXBuildFile; fileRef = 7A6C95D027911E9A00077093 /* SettingViewController.swift */; };
		7A6C95D327911EB200077093 /* Book.swift in Sources */ = {isa = PBXBuildFile; fileRef = 7A6C95D227911EB200077093 /* Book.swift */; };
		7A6C95D527911EE400077093 /* HistoryManager.swift in Sources */ = {isa = PBXBuildFile; fileRef = 7A6C95D427911EE400077093 /* HistoryManager.swift */; };
		7A6C95D727911EF300077093 /* DownloadManager.swift in Sources */ = {isa = PBXBuildFile; fileRef = 7A6C95D627911EF300077093 /* DownloadManager.swift */; };
		7AB967F5279117CC0006466A /* AppDelegate.swift in Sources */ = {isa = PBXBuildFile; fileRef = 7AB967F4279117CC0006466A /* AppDelegate.swift */; };
		7AB967FE279117CD0006466A /* Assets.xcassets in Resources */ = {isa = PBXBuildFile; fileRef = 7AB967FD279117CD0006466A /* Assets.xcassets */; };
		7AB96801279117CD0006466A /* LaunchScreen.storyboard in Resources */ = {isa = PBXBuildFile; fileRef = 7AB967FF279117CD0006466A /* LaunchScreen.storyboard */; };
		7AB9680B279118F90006466A /* MainViewController.swift in Sources */ = {isa = PBXBuildFile; fileRef = 7AB9680A279118F90006466A /* MainViewController.swift */; };
		7AEDF3FC279138640064DB12 /* SearchManager.swift in Sources */ = {isa = PBXBuildFile; fileRef = 7AEDF3FB279138640064DB12 /* SearchManager.swift */; };
		7AEDF3FE279177720064DB12 /* SearchInfo.swift in Sources */ = {isa = PBXBuildFile; fileRef = 7AEDF3FD279177720064DB12 /* SearchInfo.swift */; };
		93E71501DFDB5FB91ED376A2 /* Pods_EMHenTai.framework in Frameworks */ = {isa = PBXBuildFile; fileRef = 2104C61E89008033DC6B3C5C /* Pods_EMHenTai.framework */; };
/* End PBXBuildFile section */

/* Begin PBXFileReference section */
		1E7F3C881E1ABE71764FBE29 /* Pods-EMHenTai.release.xcconfig */ = {isa = PBXFileReference; includeInIndex = 1; lastKnownFileType = text.xcconfig; name = "Pods-EMHenTai.release.xcconfig"; path = "Target Support Files/Pods-EMHenTai/Pods-EMHenTai.release.xcconfig"; sourceTree = "<group>"; };
		2104C61E89008033DC6B3C5C /* Pods_EMHenTai.framework */ = {isa = PBXFileReference; explicitFileType = wrapper.framework; includeInIndex = 0; path = Pods_EMHenTai.framework; sourceTree = BUILT_PRODUCTS_DIR; };
		7A05E65C27948098001EE48F /* SearchViewController.swift */ = {isa = PBXFileReference; lastKnownFileType = sourcecode.swift; path = SearchViewController.swift; sourceTree = "<group>"; };
		7A11677927954C7A00C200CA /* BookTableViewCell.swift */ = {isa = PBXFileReference; lastKnownFileType = sourcecode.swift; path = BookTableViewCell.swift; sourceTree = "<group>"; };
		7A11677C2795690500C200CA /* String+Tools.swift */ = {isa = PBXFileReference; lastKnownFileType = sourcecode.swift; path = "String+Tools.swift"; sourceTree = "<group>"; };
		7A11677E2796504D00C200CA /* FilePathHelper.swift */ = {isa = PBXFileReference; lastKnownFileType = sourcecode.swift; path = FilePathHelper.swift; sourceTree = "<group>"; };
		7A1167802796887500C200CA /* PageCollectionViewCell.swift */ = {isa = PBXFileReference; lastKnownFileType = sourcecode.swift; path = PageCollectionViewCell.swift; sourceTree = "<group>"; };
		7A116782279696DB00C200CA /* StorageManager.swift */ = {isa = PBXFileReference; lastKnownFileType = sourcecode.swift; path = StorageManager.swift; sourceTree = "<group>"; };
		7A1167842796970F00C200CA /* SettingManager.swift */ = {isa = PBXFileReference; lastKnownFileType = sourcecode.swift; path = SettingManager.swift; sourceTree = "<group>"; };
		7A6C95C627911DC200077093 /* ListViewController.swift */ = {isa = PBXFileReference; lastKnownFileType = sourcecode.swift; path = ListViewController.swift; sourceTree = "<group>"; };
		7A6C95CB27911E4600077093 /* GalleryViewController.swift */ = {isa = PBXFileReference; lastKnownFileType = sourcecode.swift; path = GalleryViewController.swift; sourceTree = "<group>"; };
		7A6C95D027911E9A00077093 /* SettingViewController.swift */ = {isa = PBXFileReference; lastKnownFileType = sourcecode.swift; path = SettingViewController.swift; sourceTree = "<group>"; };
		7A6C95D227911EB200077093 /* Book.swift */ = {isa = PBXFileReference; lastKnownFileType = sourcecode.swift; path = Book.swift; sourceTree = "<group>"; };
		7A6C95D427911EE400077093 /* HistoryManager.swift */ = {isa = PBXFileReference; lastKnownFileType = sourcecode.swift; path = HistoryManager.swift; sourceTree = "<group>"; };
		7A6C95D627911EF300077093 /* DownloadManager.swift */ = {isa = PBXFileReference; lastKnownFileType = sourcecode.swift; path = DownloadManager.swift; sourceTree = "<group>"; };
		7AB967F1279117CC0006466A /* EMHenTai.app */ = {isa = PBXFileReference; explicitFileType = wrapper.application; includeInIndex = 0; path = EMHenTai.app; sourceTree = BUILT_PRODUCTS_DIR; };
		7AB967F4279117CC0006466A /* AppDelegate.swift */ = {isa = PBXFileReference; lastKnownFileType = sourcecode.swift; path = AppDelegate.swift; sourceTree = "<group>"; };
		7AB967FD279117CD0006466A /* Assets.xcassets */ = {isa = PBXFileReference; lastKnownFileType = folder.assetcatalog; path = Assets.xcassets; sourceTree = "<group>"; };
		7AB96800279117CD0006466A /* Base */ = {isa = PBXFileReference; lastKnownFileType = file.storyboard; name = Base; path = Base.lproj/LaunchScreen.storyboard; sourceTree = "<group>"; };
		7AB96802279117CD0006466A /* Info.plist */ = {isa = PBXFileReference; lastKnownFileType = text.plist.xml; path = Info.plist; sourceTree = "<group>"; };
		7AB9680A279118F90006466A /* MainViewController.swift */ = {isa = PBXFileReference; lastKnownFileType = sourcecode.swift; path = MainViewController.swift; sourceTree = "<group>"; };
		7AEDF3FB279138640064DB12 /* SearchManager.swift */ = {isa = PBXFileReference; lastKnownFileType = sourcecode.swift; path = SearchManager.swift; sourceTree = "<group>"; };
		7AEDF3FD279177720064DB12 /* SearchInfo.swift */ = {isa = PBXFileReference; lastKnownFileType = sourcecode.swift; path = SearchInfo.swift; sourceTree = "<group>"; };
		B0B243D0240E92FA129A0D9A /* Pods-EMHenTai.debug.xcconfig */ = {isa = PBXFileReference; includeInIndex = 1; lastKnownFileType = text.xcconfig; name = "Pods-EMHenTai.debug.xcconfig"; path = "Target Support Files/Pods-EMHenTai/Pods-EMHenTai.debug.xcconfig"; sourceTree = "<group>"; };
/* End PBXFileReference section */

/* Begin PBXFrameworksBuildPhase section */
		7AB967EE279117CC0006466A /* Frameworks */ = {
			isa = PBXFrameworksBuildPhase;
			buildActionMask = 2147483647;
			files = (
				93E71501DFDB5FB91ED376A2 /* Pods_EMHenTai.framework in Frameworks */,
			);
			runOnlyForDeploymentPostprocessing = 0;
		};
/* End PBXFrameworksBuildPhase section */

/* Begin PBXGroup section */
		0AB70A369CCA38912AE1D6CE /* Frameworks */ = {
			isa = PBXGroup;
			children = (
				2104C61E89008033DC6B3C5C /* Pods_EMHenTai.framework */,
			);
			name = Frameworks;
			sourceTree = "<group>";
		};
		7A05E65B27948085001EE48F /* Search */ = {
			isa = PBXGroup;
			children = (
				7A05E65C27948098001EE48F /* SearchViewController.swift */,
			);
			path = Search;
			sourceTree = "<group>";
		};
		7A11677B279568D200C200CA /* Utilities */ = {
			isa = PBXGroup;
			children = (
				7A11677C2795690500C200CA /* String+Tools.swift */,
				7A11677E2796504D00C200CA /* FilePathHelper.swift */,
			);
			path = Utilities;
			sourceTree = "<group>";
		};
		7A6C95C827911DD700077093 /* Model */ = {
			isa = PBXGroup;
			children = (
				7A6C95D227911EB200077093 /* Book.swift */,
				7AEDF3FD279177720064DB12 /* SearchInfo.swift */,
			);
			path = Model;
			sourceTree = "<group>";
		};
		7A6C95CA27911DF400077093 /* Manager */ = {
			isa = PBXGroup;
			children = (
				7AEDF3FB279138640064DB12 /* SearchManager.swift */,
				7A6C95D627911EF300077093 /* DownloadManager.swift */,
				7A6C95D427911EE400077093 /* HistoryManager.swift */,
				7A116782279696DB00C200CA /* StorageManager.swift */,
				7A1167842796970F00C200CA /* SettingManager.swift */,
			);
			path = Manager;
			sourceTree = "<group>";
		};
		7A6C95CD27911E4C00077093 /* List */ = {
			isa = PBXGroup;
			children = (
				7A6C95C627911DC200077093 /* ListViewController.swift */,
				7A11677927954C7A00C200CA /* BookTableViewCell.swift */,
			);
			path = List;
			sourceTree = "<group>";
		};
		7A6C95CE27911E5F00077093 /* Gallery */ = {
			isa = PBXGroup;
			children = (
				7A6C95CB27911E4600077093 /* GalleryViewController.swift */,
				7A1167802796887500C200CA /* PageCollectionViewCell.swift */,
			);
			path = Gallery;
			sourceTree = "<group>";
		};
		7A6C95CF27911E6500077093 /* Setting */ = {
			isa = PBXGroup;
			children = (
				7A6C95D027911E9A00077093 /* SettingViewController.swift */,
			);
			path = Setting;
			sourceTree = "<group>";
		};
		7AB967E8279117CC0006466A = {
			isa = PBXGroup;
			children = (
				7AB967F3279117CC0006466A /* EMHenTai */,
				7AB967F2279117CC0006466A /* Products */,
				E2E8379CB55C407BE26EF8C6 /* Pods */,
				0AB70A369CCA38912AE1D6CE /* Frameworks */,
			);
			sourceTree = "<group>";
		};
		7AB967F2279117CC0006466A /* Products */ = {
			isa = PBXGroup;
			children = (
				7AB967F1279117CC0006466A /* EMHenTai.app */,
			);
			name = Products;
			sourceTree = "<group>";
		};
		7AB967F3279117CC0006466A /* EMHenTai */ = {
			isa = PBXGroup;
			children = (
				7AB96808279118950006466A /* Source */,
				7AB96809279118C00006466A /* Support */,
			);
			path = EMHenTai;
			sourceTree = "<group>";
		};
		7AB96808279118950006466A /* Source */ = {
			isa = PBXGroup;
			children = (
				7A11677B279568D200C200CA /* Utilities */,
				7A6C95C827911DD700077093 /* Model */,
				7A6C95CA27911DF400077093 /* Manager */,
				7A6C95CD27911E4C00077093 /* List */,
				7A6C95CF27911E6500077093 /* Setting */,
				7A05E65B27948085001EE48F /* Search */,
				7A6C95CE27911E5F00077093 /* Gallery */,
				7AB967F4279117CC0006466A /* AppDelegate.swift */,
				7AB9680A279118F90006466A /* MainViewController.swift */,
			);
			path = Source;
			sourceTree = "<group>";
		};
		7AB96809279118C00006466A /* Support */ = {
			isa = PBXGroup;
			children = (
				7AB967FD279117CD0006466A /* Assets.xcassets */,
				7AB967FF279117CD0006466A /* LaunchScreen.storyboard */,
				7AB96802279117CD0006466A /* Info.plist */,
			);
			path = Support;
			sourceTree = "<group>";
		};
		E2E8379CB55C407BE26EF8C6 /* Pods */ = {
			isa = PBXGroup;
			children = (
				B0B243D0240E92FA129A0D9A /* Pods-EMHenTai.debug.xcconfig */,
				1E7F3C881E1ABE71764FBE29 /* Pods-EMHenTai.release.xcconfig */,
			);
			path = Pods;
			sourceTree = "<group>";
		};
/* End PBXGroup section */

/* Begin PBXNativeTarget section */
		7AB967F0279117CC0006466A /* EMHenTai */ = {
			isa = PBXNativeTarget;
			buildConfigurationList = 7AB96805279117CD0006466A /* Build configuration list for PBXNativeTarget "EMHenTai" */;
			buildPhases = (
				97F76C76E1A7810026899304 /* [CP] Check Pods Manifest.lock */,
				7AB967ED279117CC0006466A /* Sources */,
				7AB967EE279117CC0006466A /* Frameworks */,
				7AB967EF279117CC0006466A /* Resources */,
			);
			buildRules = (
			);
			dependencies = (
			);
			name = EMHenTai;
			productName = EMHenTai;
			productReference = 7AB967F1279117CC0006466A /* EMHenTai.app */;
			productType = "com.apple.product-type.application";
		};
/* End PBXNativeTarget section */

/* Begin PBXProject section */
		7AB967E9279117CC0006466A /* Project object */ = {
			isa = PBXProject;
			attributes = {
				BuildIndependentTargetsInParallel = 1;
				LastSwiftUpdateCheck = 1320;
				LastUpgradeCheck = 1320;
				TargetAttributes = {
					7AB967F0279117CC0006466A = {
						CreatedOnToolsVersion = 13.2.1;
					};
				};
			};
			buildConfigurationList = 7AB967EC279117CC0006466A /* Build configuration list for PBXProject "EMHenTai" */;
			compatibilityVersion = "Xcode 13.0";
			developmentRegion = en;
			hasScannedForEncodings = 0;
			knownRegions = (
				en,
				Base,
			);
			mainGroup = 7AB967E8279117CC0006466A;
			productRefGroup = 7AB967F2279117CC0006466A /* Products */;
			projectDirPath = "";
			projectRoot = "";
			targets = (
				7AB967F0279117CC0006466A /* EMHenTai */,
			);
		};
/* End PBXProject section */

/* Begin PBXResourcesBuildPhase section */
		7AB967EF279117CC0006466A /* Resources */ = {
			isa = PBXResourcesBuildPhase;
			buildActionMask = 2147483647;
			files = (
				7AB96801279117CD0006466A /* LaunchScreen.storyboard in Resources */,
				7AB967FE279117CD0006466A /* Assets.xcassets in Resources */,
			);
			runOnlyForDeploymentPostprocessing = 0;
		};
/* End PBXResourcesBuildPhase section */

/* Begin PBXShellScriptBuildPhase section */
		97F76C76E1A7810026899304 /* [CP] Check Pods Manifest.lock */ = {
			isa = PBXShellScriptBuildPhase;
			buildActionMask = 2147483647;
			files = (
			);
			inputFileListPaths = (
			);
			inputPaths = (
				"${PODS_PODFILE_DIR_PATH}/Podfile.lock",
				"${PODS_ROOT}/Manifest.lock",
			);
			name = "[CP] Check Pods Manifest.lock";
			outputFileListPaths = (
			);
			outputPaths = (
				"$(DERIVED_FILE_DIR)/Pods-EMHenTai-checkManifestLockResult.txt",
			);
			runOnlyForDeploymentPostprocessing = 0;
			shellPath = /bin/sh;
			shellScript = "diff \"${PODS_PODFILE_DIR_PATH}/Podfile.lock\" \"${PODS_ROOT}/Manifest.lock\" > /dev/null\nif [ $? != 0 ] ; then\n    # print error to STDERR\n    echo \"error: The sandbox is not in sync with the Podfile.lock. Run 'pod install' or update your CocoaPods installation.\" >&2\n    exit 1\nfi\n# This output is used by Xcode 'outputs' to avoid re-running this script phase.\necho \"SUCCESS\" > \"${SCRIPT_OUTPUT_FILE_0}\"\n";
			showEnvVarsInLog = 0;
		};
/* End PBXShellScriptBuildPhase section */

/* Begin PBXSourcesBuildPhase section */
		7AB967ED279117CC0006466A /* Sources */ = {
			isa = PBXSourcesBuildPhase;
			buildActionMask = 2147483647;
			files = (
				7A6C95D127911E9A00077093 /* SettingViewController.swift in Sources */,
				7AB967F5279117CC0006466A /* AppDelegate.swift in Sources */,
				7A1167812796887500C200CA /* PageCollectionViewCell.swift in Sources */,
				7A6C95D327911EB200077093 /* Book.swift in Sources */,
				7A6C95D727911EF300077093 /* DownloadManager.swift in Sources */,
				7A11677F2796504D00C200CA /* FilePathHelper.swift in Sources */,
				7A1167852796970F00C200CA /* SettingManager.swift in Sources */,
				7A11677A27954C7A00C200CA /* BookTableViewCell.swift in Sources */,
				7A6C95CC27911E4600077093 /* GalleryViewController.swift in Sources */,
				7A05E65D27948098001EE48F /* SearchViewController.swift in Sources */,
				7A6C95D527911EE400077093 /* HistoryManager.swift in Sources */,
				7A11677D2795690500C200CA /* String+Tools.swift in Sources */,
				7AEDF3FC279138640064DB12 /* SearchManager.swift in Sources */,
				7AEDF3FE279177720064DB12 /* SearchInfo.swift in Sources */,
				7AB9680B279118F90006466A /* MainViewController.swift in Sources */,
				7A6C95C727911DC200077093 /* ListViewController.swift in Sources */,
				7A116783279696DB00C200CA /* StorageManager.swift in Sources */,
			);
			runOnlyForDeploymentPostprocessing = 0;
		};
/* End PBXSourcesBuildPhase section */

/* Begin PBXVariantGroup section */
		7AB967FF279117CD0006466A /* LaunchScreen.storyboard */ = {
			isa = PBXVariantGroup;
			children = (
				7AB96800279117CD0006466A /* Base */,
			);
			name = LaunchScreen.storyboard;
			sourceTree = "<group>";
		};
/* End PBXVariantGroup section */

/* Begin XCBuildConfiguration section */
		7AB96803279117CD0006466A /* Debug */ = {
			isa = XCBuildConfiguration;
			buildSettings = {
				ALWAYS_SEARCH_USER_PATHS = NO;
				CLANG_ANALYZER_NONNULL = YES;
				CLANG_ANALYZER_NUMBER_OBJECT_CONVERSION = YES_AGGRESSIVE;
				CLANG_CXX_LANGUAGE_STANDARD = "gnu++17";
				CLANG_CXX_LIBRARY = "libc++";
				CLANG_ENABLE_MODULES = YES;
				CLANG_ENABLE_OBJC_ARC = YES;
				CLANG_ENABLE_OBJC_WEAK = YES;
				CLANG_WARN_BLOCK_CAPTURE_AUTORELEASING = YES;
				CLANG_WARN_BOOL_CONVERSION = YES;
				CLANG_WARN_COMMA = YES;
				CLANG_WARN_CONSTANT_CONVERSION = YES;
				CLANG_WARN_DEPRECATED_OBJC_IMPLEMENTATIONS = YES;
				CLANG_WARN_DIRECT_OBJC_ISA_USAGE = YES_ERROR;
				CLANG_WARN_DOCUMENTATION_COMMENTS = YES;
				CLANG_WARN_EMPTY_BODY = YES;
				CLANG_WARN_ENUM_CONVERSION = YES;
				CLANG_WARN_INFINITE_RECURSION = YES;
				CLANG_WARN_INT_CONVERSION = YES;
				CLANG_WARN_NON_LITERAL_NULL_CONVERSION = YES;
				CLANG_WARN_OBJC_IMPLICIT_RETAIN_SELF = YES;
				CLANG_WARN_OBJC_LITERAL_CONVERSION = YES;
				CLANG_WARN_OBJC_ROOT_CLASS = YES_ERROR;
				CLANG_WARN_QUOTED_INCLUDE_IN_FRAMEWORK_HEADER = YES;
				CLANG_WARN_RANGE_LOOP_ANALYSIS = YES;
				CLANG_WARN_STRICT_PROTOTYPES = YES;
				CLANG_WARN_SUSPICIOUS_MOVE = YES;
				CLANG_WARN_UNGUARDED_AVAILABILITY = YES_AGGRESSIVE;
				CLANG_WARN_UNREACHABLE_CODE = YES;
				CLANG_WARN__DUPLICATE_METHOD_MATCH = YES;
				COPY_PHASE_STRIP = NO;
				DEBUG_INFORMATION_FORMAT = dwarf;
				ENABLE_STRICT_OBJC_MSGSEND = YES;
				ENABLE_TESTABILITY = YES;
				GCC_C_LANGUAGE_STANDARD = gnu11;
				GCC_DYNAMIC_NO_PIC = NO;
				GCC_NO_COMMON_BLOCKS = YES;
				GCC_OPTIMIZATION_LEVEL = 0;
				GCC_PREPROCESSOR_DEFINITIONS = (
					"DEBUG=1",
					"$(inherited)",
				);
				GCC_WARN_64_TO_32_BIT_CONVERSION = YES;
				GCC_WARN_ABOUT_RETURN_TYPE = YES_ERROR;
				GCC_WARN_UNDECLARED_SELECTOR = YES;
				GCC_WARN_UNINITIALIZED_AUTOS = YES_AGGRESSIVE;
				GCC_WARN_UNUSED_FUNCTION = YES;
				GCC_WARN_UNUSED_VARIABLE = YES;
				IPHONEOS_DEPLOYMENT_TARGET = 13.0;
				MTL_ENABLE_DEBUG_INFO = INCLUDE_SOURCE;
				MTL_FAST_MATH = YES;
				ONLY_ACTIVE_ARCH = YES;
				SDKROOT = iphoneos;
				SWIFT_ACTIVE_COMPILATION_CONDITIONS = DEBUG;
				SWIFT_OPTIMIZATION_LEVEL = "-Onone";
			};
			name = Debug;
		};
		7AB96804279117CD0006466A /* Release */ = {
			isa = XCBuildConfiguration;
			buildSettings = {
				ALWAYS_SEARCH_USER_PATHS = NO;
				CLANG_ANALYZER_NONNULL = YES;
				CLANG_ANALYZER_NUMBER_OBJECT_CONVERSION = YES_AGGRESSIVE;
				CLANG_CXX_LANGUAGE_STANDARD = "gnu++17";
				CLANG_CXX_LIBRARY = "libc++";
				CLANG_ENABLE_MODULES = YES;
				CLANG_ENABLE_OBJC_ARC = YES;
				CLANG_ENABLE_OBJC_WEAK = YES;
				CLANG_WARN_BLOCK_CAPTURE_AUTORELEASING = YES;
				CLANG_WARN_BOOL_CONVERSION = YES;
				CLANG_WARN_COMMA = YES;
				CLANG_WARN_CONSTANT_CONVERSION = YES;
				CLANG_WARN_DEPRECATED_OBJC_IMPLEMENTATIONS = YES;
				CLANG_WARN_DIRECT_OBJC_ISA_USAGE = YES_ERROR;
				CLANG_WARN_DOCUMENTATION_COMMENTS = YES;
				CLANG_WARN_EMPTY_BODY = YES;
				CLANG_WARN_ENUM_CONVERSION = YES;
				CLANG_WARN_INFINITE_RECURSION = YES;
				CLANG_WARN_INT_CONVERSION = YES;
				CLANG_WARN_NON_LITERAL_NULL_CONVERSION = YES;
				CLANG_WARN_OBJC_IMPLICIT_RETAIN_SELF = YES;
				CLANG_WARN_OBJC_LITERAL_CONVERSION = YES;
				CLANG_WARN_OBJC_ROOT_CLASS = YES_ERROR;
				CLANG_WARN_QUOTED_INCLUDE_IN_FRAMEWORK_HEADER = YES;
				CLANG_WARN_RANGE_LOOP_ANALYSIS = YES;
				CLANG_WARN_STRICT_PROTOTYPES = YES;
				CLANG_WARN_SUSPICIOUS_MOVE = YES;
				CLANG_WARN_UNGUARDED_AVAILABILITY = YES_AGGRESSIVE;
				CLANG_WARN_UNREACHABLE_CODE = YES;
				CLANG_WARN__DUPLICATE_METHOD_MATCH = YES;
				COPY_PHASE_STRIP = NO;
				DEBUG_INFORMATION_FORMAT = "dwarf-with-dsym";
				ENABLE_NS_ASSERTIONS = NO;
				ENABLE_STRICT_OBJC_MSGSEND = YES;
				GCC_C_LANGUAGE_STANDARD = gnu11;
				GCC_NO_COMMON_BLOCKS = YES;
				GCC_WARN_64_TO_32_BIT_CONVERSION = YES;
				GCC_WARN_ABOUT_RETURN_TYPE = YES_ERROR;
				GCC_WARN_UNDECLARED_SELECTOR = YES;
				GCC_WARN_UNINITIALIZED_AUTOS = YES_AGGRESSIVE;
				GCC_WARN_UNUSED_FUNCTION = YES;
				GCC_WARN_UNUSED_VARIABLE = YES;
				IPHONEOS_DEPLOYMENT_TARGET = 13.0;
				MTL_ENABLE_DEBUG_INFO = NO;
				MTL_FAST_MATH = YES;
				SDKROOT = iphoneos;
				SWIFT_COMPILATION_MODE = wholemodule;
				SWIFT_OPTIMIZATION_LEVEL = "-O";
				VALIDATE_PRODUCT = YES;
			};
			name = Release;
		};
		7AB96806279117CD0006466A /* Debug */ = {
			isa = XCBuildConfiguration;
			baseConfigurationReference = B0B243D0240E92FA129A0D9A /* Pods-EMHenTai.debug.xcconfig */;
			buildSettings = {
				ASSETCATALOG_COMPILER_APPICON_NAME = AppIcon;
				ASSETCATALOG_COMPILER_GLOBAL_ACCENT_COLOR_NAME = AccentColor;
				CODE_SIGN_STYLE = Automatic;
				CURRENT_PROJECT_VERSION = 1;
				DEVELOPMENT_TEAM = V9YTC5D8QQ;
				GENERATE_INFOPLIST_FILE = YES;
				INFOPLIST_FILE = EMHenTai/Info.plist;
				INFOPLIST_KEY_UIApplicationSupportsIndirectInputEvents = YES;
				INFOPLIST_KEY_UILaunchStoryboardName = LaunchScreen;
				INFOPLIST_KEY_UIRequiresFullScreen = YES;
				INFOPLIST_KEY_UISupportedInterfaceOrientations = "UIInterfaceOrientationPortrait UIInterfaceOrientationLandscapeLeft UIInterfaceOrientationLandscapeRight";
				INFOPLIST_KEY_UISupportedInterfaceOrientations_iPad = "UIInterfaceOrientationPortrait UIInterfaceOrientationPortraitUpsideDown UIInterfaceOrientationLandscapeLeft UIInterfaceOrientationLandscapeRight";
				INFOPLIST_KEY_UISupportedInterfaceOrientations_iPhone = "UIInterfaceOrientationPortrait UIInterfaceOrientationLandscapeLeft UIInterfaceOrientationLandscapeRight";
				IPHONEOS_DEPLOYMENT_TARGET = 13.0;
				LD_RUNPATH_SEARCH_PATHS = (
					"$(inherited)",
					"@executable_path/Frameworks",
				);
				MARKETING_VERSION = 1.0;
				PRODUCT_BUNDLE_IDENTIFIER = EMHenTai.EMHenTai;
				PRODUCT_NAME = "$(TARGET_NAME)";
				SWIFT_EMIT_LOC_STRINGS = YES;
				SWIFT_VERSION = 5.0;
				TARGETED_DEVICE_FAMILY = "1,2";
			};
			name = Debug;
		};
		7AB96807279117CD0006466A /* Release */ = {
			isa = XCBuildConfiguration;
			baseConfigurationReference = 1E7F3C881E1ABE71764FBE29 /* Pods-EMHenTai.release.xcconfig */;
			buildSettings = {
				ASSETCATALOG_COMPILER_APPICON_NAME = AppIcon;
				ASSETCATALOG_COMPILER_GLOBAL_ACCENT_COLOR_NAME = AccentColor;
				CODE_SIGN_STYLE = Automatic;
				CURRENT_PROJECT_VERSION = 1;
				DEVELOPMENT_TEAM = V9YTC5D8QQ;
				GENERATE_INFOPLIST_FILE = YES;
				INFOPLIST_FILE = EMHenTai/Info.plist;
				INFOPLIST_KEY_UIApplicationSupportsIndirectInputEvents = YES;
				INFOPLIST_KEY_UILaunchStoryboardName = LaunchScreen;
				INFOPLIST_KEY_UIRequiresFullScreen = YES;
				INFOPLIST_KEY_UISupportedInterfaceOrientations = "UIInterfaceOrientationPortrait UIInterfaceOrientationLandscapeLeft UIInterfaceOrientationLandscapeRight";
				INFOPLIST_KEY_UISupportedInterfaceOrientations_iPad = "UIInterfaceOrientationPortrait UIInterfaceOrientationPortraitUpsideDown UIInterfaceOrientationLandscapeLeft UIInterfaceOrientationLandscapeRight";
				INFOPLIST_KEY_UISupportedInterfaceOrientations_iPhone = "UIInterfaceOrientationPortrait UIInterfaceOrientationLandscapeLeft UIInterfaceOrientationLandscapeRight";
				IPHONEOS_DEPLOYMENT_TARGET = 13.0;
				LD_RUNPATH_SEARCH_PATHS = (
					"$(inherited)",
					"@executable_path/Frameworks",
				);
				MARKETING_VERSION = 1.0;
				PRODUCT_BUNDLE_IDENTIFIER = EMHenTai.EMHenTai;
				PRODUCT_NAME = "$(TARGET_NAME)";
				SWIFT_EMIT_LOC_STRINGS = YES;
				SWIFT_VERSION = 5.0;
				TARGETED_DEVICE_FAMILY = "1,2";
			};
			name = Release;
		};
/* End XCBuildConfiguration section */

/* Begin XCConfigurationList section */
		7AB967EC279117CC0006466A /* Build configuration list for PBXProject "EMHenTai" */ = {
			isa = XCConfigurationList;
			buildConfigurations = (
				7AB96803279117CD0006466A /* Debug */,
				7AB96804279117CD0006466A /* Release */,
			);
			defaultConfigurationIsVisible = 0;
			defaultConfigurationName = Release;
		};
		7AB96805279117CD0006466A /* Build configuration list for PBXNativeTarget "EMHenTai" */ = {
			isa = XCConfigurationList;
			buildConfigurations = (
				7AB96806279117CD0006466A /* Debug */,
				7AB96807279117CD0006466A /* Release */,
			);
			defaultConfigurationIsVisible = 0;
			defaultConfigurationName = Release;
		};
/* End XCConfigurationList section */
	};
	rootObject = 7AB967E9279117CC0006466A /* Project object */;
}
